github.com/golang/protobuf v1.5.0/go.mod h1:FsONVRAS9T7sI+LIUmWTfcYkHO4aIWwzhcaSAoJOfIk=
github.com/google/go-cmp v0.5.5 h1:Khx7svrCpmxxtHBq5j2mp/xVjsi8hQMfNLvJFAlrGgU=
github.com/google/go-cmp v0.5.5/go.mod h1:v8dTdLbMG2kIc/vJvl+f65V22dbkXbowE6jgT/gNBxE=
github.com/nordicsense/gdal v0.0.0-20220115002029-251cd7760df6 h1:tiSwZ7/S3N+PqemOprPmhZEmidauIAOkHE8J5arpelA=
github.com/nordicsense/gdal v0.0.0-20220115002029-251cd7760df6/go.mod h1:5C5jz12MbYJopfBeI1abFGy/OJ2A6tmNdRkVwaov1mg=
github.com/teris-io/cli v1.0.1 h1:J6jnVHC552uqx7zT+Ux0++tIvLmJQULqxVhCid2u/Gk=
github.com/teris-io/cli v1.0.1/go.mod h1:V9nVD5aZ873RU/tQXLSXO8FieVPQhQvuNohsdsKXsGw=
github.com/vardius/progress-go v0.0.0-20210725070013-c85a970b9413 h1:VH7RD65HZLce6XNiIWioH9ch+SeP8jDoIEuO81Bs/A8=
github.com/vardius/progress-go v0.0.0-20210725070013-c85a970b9413/go.mod h1:MgZ6ta/8cilzOLFu2ciT8/RXHziZTUwwz8Fk49n0+BM=
golang.org/x/xerrors v0.0.0-20191204190536-9bdfabe68543 h1:E7g+9GITq07hpfrRu66IVDexMakfv52eLZ2CXBWiKr4=
golang.org/x/xerrors v0.0.0-20191204190536-9bdfabe68543/go.mod h1:I/5z698sn9Ka8TeJc9MKroUUfqBBauWjQqLJ2OPfmY0=
google.golang.org/protobuf v1.26.0-rc.1/go.mod h1:jlhhOSvTdKEhbULTjvd4ARK9grFBp09yW+WbY/TyQbw=
google.golang.org/protobuf v1.28.0 h1:w43yiav+6bVFTBQFZX0r7ipe9JQ1QsbMgHwbBziscLw=
google.golang.org/protobuf v1.28.0/go.mod h1:HV8QOd/L58Z+nl8r43ehVNZIU/HEI6OcFqwMG9pJV4I=
